
Microsoft Visual Studio Solution File, Format Version 12.00
# Visual Studio 15
VisualStudioVersion = 15.0.26228.9
MinimumVisualStudioVersion = 10.0.40219.1
Project("{FAE04EC0-301F-11D3-BF4B-00C04F79EFBC}") = "FMOD.NET", "FMOD.NET\FMOD.NET.csproj", "{F1A3262B-D6BB-4351-B331-45BCCD44FC57}"
EndProject
Project("{FAE04EC0-301F-11D3-BF4B-00C04F79EFBC}") = "FMOD.NET.ConsoleTest", "FMOD.NET.ConsoleTest\FMOD.NET.ConsoleTest.csproj", "{2A14832F-8848-4BC6-98E0-1DE97723A13B}"
EndProject
Project("{FAE04EC0-301F-11D3-BF4B-00C04F79EFBC}") = "FMOD.NET.Sample", "FMOD.NET.Sample\FMOD.NET.Sample.csproj", "{F93250A6-E5A2-4BF0-B740-0B1353F56EA4}"
EndProject
Project("{7CF6DF6D-3B04-46F8-A40B-537D21BCA0B4}") = "FMOD.NET.Documentation", "FMOD.NET.Documentation\FMOD.NET.Documentation.shfbproj", "{5F2DCEF2-C106-4FA1-A640-C689FFE33680}"
EndProject
Project("{FAE04EC0-301F-11D3-BF4B-00C04F79EFBC}") = "FMOD.NET.Controls", "FMOD.NET.Controls\FMOD.NET.Controls.csproj", "{5986F0EC-FD7E-4E00-8ABD-AAE92C6AC4E0}"
EndProject
Project("{2150E333-8FDC-42A3-9474-1A3956D46DE8}") = "Solution Items", "Solution Items", "{C265F5F2-0ED0-4982-9E70-3FFA7B6AD7A2}"
	ProjectSection(SolutionItems) = preProject
		.gitattributes = .gitattributes
		.gitignore = .gitignore
		_config.yml = _config.yml
		LICENSE.md = LICENSE.md
	EndProjectSection
EndProject
Global
	GlobalSection(SolutionConfigurationPlatforms) = preSolution
		Debug|Any CPU = Debug|Any CPU
		Debug|x64 = Debug|x64
		Debug|x86 = Debug|x86
		Release|Any CPU = Release|Any CPU
		Release|x64 = Release|x64
		Release|x86 = Release|x86
	EndGlobalSection
	GlobalSection(ProjectConfigurationPlatforms) = postSolution
		{F1A3262B-D6BB-4351-B331-45BCCD44FC57}.Debug|Any CPU.ActiveCfg = Debug|Any CPU
		{F1A3262B-D6BB-4351-B331-45BCCD44FC57}.Debug|Any CPU.Build.0 = Debug|Any CPU
		{F1A3262B-D6BB-4351-B331-45BCCD44FC57}.Debug|x64.ActiveCfg = Debug|x64
		{F1A3262B-D6BB-4351-B331-45BCCD44FC57}.Debug|x64.Build.0 = Debug|x64
		{F1A3262B-D6BB-4351-B331-45BCCD44FC57}.Debug|x86.ActiveCfg = Debug|x86
		{F1A3262B-D6BB-4351-B331-45BCCD44FC57}.Debug|x86.Build.0 = Debug|x86
		{F1A3262B-D6BB-4351-B331-45BCCD44FC57}.Release|Any CPU.ActiveCfg = Release|Any CPU
		{F1A3262B-D6BB-4351-B331-45BCCD44FC57}.Release|Any CPU.Build.0 = Release|Any CPU
		{F1A3262B-D6BB-4351-B331-45BCCD44FC57}.Release|x64.ActiveCfg = Release|x64
		{F1A3262B-D6BB-4351-B331-45BCCD44FC57}.Release|x64.Build.0 = Release|x64
		{F1A3262B-D6BB-4351-B331-45BCCD44FC57}.Release|x86.ActiveCfg = Release|x86
		{F1A3262B-D6BB-4351-B331-45BCCD44FC57}.Release|x86.Build.0 = Release|x86
		{2A14832F-8848-4BC6-98E0-1DE97723A13B}.Debug|Any CPU.ActiveCfg = Debug|Any CPU
		{2A14832F-8848-4BC6-98E0-1DE97723A13B}.Debug|Any CPU.Build.0 = Debug|Any CPU
		{2A14832F-8848-4BC6-98E0-1DE97723A13B}.Debug|x64.ActiveCfg = Debug|x64
		{2A14832F-8848-4BC6-98E0-1DE97723A13B}.Debug|x64.Build.0 = Debug|x64
		{2A14832F-8848-4BC6-98E0-1DE97723A13B}.Debug|x86.ActiveCfg = Debug|x86
		{2A14832F-8848-4BC6-98E0-1DE97723A13B}.Debug|x86.Build.0 = Debug|x86
		{2A14832F-8848-4BC6-98E0-1DE97723A13B}.Release|Any CPU.ActiveCfg = Release|Any CPU
		{2A14832F-8848-4BC6-98E0-1DE97723A13B}.Release|Any CPU.Build.0 = Release|Any CPU
		{2A14832F-8848-4BC6-98E0-1DE97723A13B}.Release|x64.ActiveCfg = Release|x64
		{2A14832F-8848-4BC6-98E0-1DE97723A13B}.Release|x64.Build.0 = Release|x64
		{2A14832F-8848-4BC6-98E0-1DE97723A13B}.Release|x86.ActiveCfg = Release|x86
		{2A14832F-8848-4BC6-98E0-1DE97723A13B}.Release|x86.Build.0 = Release|x86
		{F93250A6-E5A2-4BF0-B740-0B1353F56EA4}.Debug|Any CPU.ActiveCfg = Debug|Any CPU
		{F93250A6-E5A2-4BF0-B740-0B1353F56EA4}.Debug|Any CPU.Build.0 = Debug|Any CPU
		{F93250A6-E5A2-4BF0-B740-0B1353F56EA4}.Debug|x64.ActiveCfg = Debug|x64
		{F93250A6-E5A2-4BF0-B740-0B1353F56EA4}.Debug|x64.Build.0 = Debug|x64
		{F93250A6-E5A2-4BF0-B740-0B1353F56EA4}.Debug|x86.ActiveCfg = Debug|x86
		{F93250A6-E5A2-4BF0-B740-0B1353F56EA4}.Debug|x86.Build.0 = Debug|x86
		{F93250A6-E5A2-4BF0-B740-0B1353F56EA4}.Release|Any CPU.ActiveCfg = Release|Any CPU
		{F93250A6-E5A2-4BF0-B740-0B1353F56EA4}.Release|Any CPU.Build.0 = Release|Any CPU
		{F93250A6-E5A2-4BF0-B740-0B1353F56EA4}.Release|x64.ActiveCfg = Release|x64
		{F93250A6-E5A2-4BF0-B740-0B1353F56EA4}.Release|x64.Build.0 = Release|x64
		{F93250A6-E5A2-4BF0-B740-0B1353F56EA4}.Release|x86.ActiveCfg = Release|x86
		{F93250A6-E5A2-4BF0-B740-0B1353F56EA4}.Release|x86.Build.0 = Release|x86
		{5F2DCEF2-C106-4FA1-A640-C689FFE33680}.Debug|Any CPU.ActiveCfg = Debug|Any CPU
		{5F2DCEF2-C106-4FA1-A640-C689FFE33680}.Debug|Any CPU.Build.0 = Debug|Any CPU
		{5F2DCEF2-C106-4FA1-A640-C689FFE33680}.Debug|x64.ActiveCfg = Debug|Any CPU
		{5F2DCEF2-C106-4FA1-A640-C689FFE33680}.Debug|x86.ActiveCfg = Debug|Any CPU
		{5F2DCEF2-C106-4FA1-A640-C689FFE33680}.Release|Any CPU.ActiveCfg = Release|Any CPU
		{5F2DCEF2-C106-4FA1-A640-C689FFE33680}.Release|Any CPU.Build.0 = Release|Any CPU
		{5F2DCEF2-C106-4FA1-A640-C689FFE33680}.Release|x64.ActiveCfg = Release|Any CPU
		{5F2DCEF2-C106-4FA1-A640-C689FFE33680}.Release|x86.ActiveCfg = Release|Any CPU
		{5986F0EC-FD7E-4E00-8ABD-AAE92C6AC4E0}.Debug|Any CPU.ActiveCfg = Debug|Any CPU
		{5986F0EC-FD7E-4E00-8ABD-AAE92C6AC4E0}.Debug|Any CPU.Build.0 = Debug|Any CPU
		{5986F0EC-FD7E-4E00-8ABD-AAE92C6AC4E0}.Debug|x64.ActiveCfg = Debug|x64
		{5986F0EC-FD7E-4E00-8ABD-AAE92C6AC4E0}.Debug|x64.Build.0 = Debug|x64
		{5986F0EC-FD7E-4E00-8ABD-AAE92C6AC4E0}.Debug|x86.ActiveCfg = Debug|x86
		{5986F0EC-FD7E-4E00-8ABD-AAE92C6AC4E0}.Debug|x86.Build.0 = Debug|x86
		{5986F0EC-FD7E-4E00-8ABD-AAE92C6AC4E0}.Release|Any CPU.ActiveCfg = Release|Any CPU
		{5986F0EC-FD7E-4E00-8ABD-AAE92C6AC4E0}.Release|Any CPU.Build.0 = Release|Any CPU
		{5986F0EC-FD7E-4E00-8ABD-AAE92C6AC4E0}.Release|x64.ActiveCfg = Release|x64
		{5986F0EC-FD7E-4E00-8ABD-AAE92C6AC4E0}.Release|x64.Build.0 = Release|x64
		{5986F0EC-FD7E-4E00-8ABD-AAE92C6AC4E0}.Release|x86.ActiveCfg = Release|x86
		{5986F0EC-FD7E-4E00-8ABD-AAE92C6AC4E0}.Release|x86.Build.0 = Release|x86
	EndGlobalSection
	GlobalSection(SolutionProperties) = preSolution
		HideSolutionNode = FALSE
	EndGlobalSection
EndGlobal
